lockfileVersion: 5.3

specifiers:
  '@types/turndown': ^5.0.1
  axios: ^0.24.0
  cheerio: ^1.0.0-rc.10
  discord.js: ^13.5.0
  turndown: ^7.1.1
  typescript: ^4.5.4

dependencies:
  axios: 0.24.0
  cheerio: 1.0.0-rc.10
  discord.js: 13.5.0
  turndown: 7.1.1

devDependencies:
  '@types/turndown': 5.0.1
  typescript: 4.5.4

packages:

  /@discordjs/builders/0.11.0:
    resolution: {integrity: sha512-ZTB8yJdJKrKlq44dpWkNUrAtEJEq0gqpb7ASdv4vmq6/mZal5kOv312hQ56I/vxwMre+VIkoHquNUAfnTbiYtg==}
    engines: {node: '>=16.0.0', npm: '>=7.0.0'}
    dependencies:
      '@sindresorhus/is': 4.2.0
      discord-api-types: 0.26.1
      ts-mixer: 6.0.0
      tslib: 2.3.1
      zod: 3.11.6
    dev: false

  /@discordjs/collection/0.4.0:
    resolution: {integrity: sha512-zmjq+l/rV35kE6zRrwe8BHqV78JvIh2ybJeZavBi5NySjWXqN3hmmAKg7kYMMXSeiWtSsMoZ/+MQi0DiQWy2lw==}
    engines: {node: '>=16.0.0', npm: '>=7.0.0'}
    dev: false

  /@sapphire/async-queue/1.1.9:
    resolution: {integrity: sha512-CbXaGwwlEMq+l1TRu01FJCvySJ1CEFKFclHT48nIfNeZXaAAmmwwy7scUKmYHPUa3GhoMp6Qr1B3eAJux6XgOQ==}
    engines: {node: '>=v14.0.0', npm: '>=7.0.0'}
    dev: false

  /@sindresorhus/is/4.2.0:
    resolution: {integrity: sha512-VkE3KLBmJwcCaVARtQpfuKcKv8gcBmUubrfHGF84dXuuW6jgsRYxPtzcIhPyK9WAPpRt2/xY6zkD9MnRaJzSyw==}
    engines: {node: '>=10'}
    dev: false

  /@types/node-fetch/2.5.12:
    resolution: {integrity: sha512-MKgC4dlq4kKNa/mYrwpKfzQMB5X3ee5U6fSprkKpToBqBmX4nFZL9cW5jl6sWn+xpRJ7ypWh2yyqqr8UUCstSw==}
    dependencies:
      '@types/node': 17.0.7
      form-data: 3.0.1
    dev: false

  /@types/node/17.0.7:
    resolution: {integrity: sha512-1QUk+WAUD4t8iR+Oj+UgI8oJa6yyxaB8a8pHaC8uqM6RrS1qbL7bf3Pwl5rHv0psm2CuDErgho6v5N+G+5fwtQ==}
    dev: false

  /@types/turndown/5.0.1:
    resolution: {integrity: sha512-N8Ad4e3oJxh9n9BiZx9cbe/0M3kqDpOTm2wzj13wdDUxDPjfjloWIJaquZzWE1cYTAHpjOH3rcTnXQdpEfS/SQ==}
    dev: true

  /@types/ws/8.2.2:
    resolution: {integrity: sha512-NOn5eIcgWLOo6qW8AcuLZ7G8PycXu0xTxxkS6Q18VWFxgPUSOwV0pBj2a/4viNZVu25i7RIB7GttdkAIUUXOOg==}
    dependencies:
      '@types/node': 17.0.7
    dev: false

  /asynckit/0.4.0:
    resolution: {integrity: sha1-x57Zf380y48robyXkLzDZkdLS3k=}
    dev: false

  /axios/0.24.0:
    resolution: {integrity: sha512-Q6cWsys88HoPgAaFAVUb0WpPk0O8iTeisR9IMqy9G8AbO4NlpVknrnQS03zzF9PGAWgO3cgletO3VjV/P7VztA==}
    dependencies:
      follow-redirects: 1.14.6
    transitivePeerDependencies:
      - debug
    dev: false

  /boolbase/1.0.0:
    resolution: {integrity: sha1-aN/1++YMUes3cl6p4+0xDcwed24=}
    dev: false

  /cheerio-select/1.5.0:
    resolution: {integrity: sha512-qocaHPv5ypefh6YNxvnbABM07KMxExbtbfuJoIie3iZXX1ERwYmJcIiRrr9H05ucQP1k28dav8rpdDgjQd8drg==}
    dependencies:
      css-select: 4.2.1
      css-what: 5.1.0
      domelementtype: 2.2.0
      domhandler: 4.3.0
      domutils: 2.8.0
    dev: false

  /cheerio/1.0.0-rc.10:
    resolution: {integrity: sha512-g0J0q/O6mW8z5zxQ3A8E8J1hUgp4SMOvEoW/x84OwyHKe/Zccz83PVT4y5Crcr530FV6NgmKI1qvGTKVl9XXVw==}
    engines: {node: '>= 6'}
    dependencies:
      cheerio-select: 1.5.0
      dom-serializer: 1.3.2
      domhandler: 4.3.0
      htmlparser2: 6.1.0
      parse5: 6.0.1
      parse5-htmlparser2-tree-adapter: 6.0.1
      tslib: 2.3.1
    dev: false

  /combined-stream/1.0.8:
    resolution: {integrity: sha512-FQN4MRfuJeHf7cBbBMJFXhKSDq+2kAArBlmRBvcvFE5BB1HZKXtSFASDhdlz9zOYwxh8lDdnvmMOe/+5cdoEdg==}
    engines: {node: '>= 0.8'}
    dependencies:
      delayed-stream: 1.0.0
    dev: false

  /css-select/4.2.1:
    resolution: {integrity: sha512-/aUslKhzkTNCQUB2qTX84lVmfia9NyjP3WpDGtj/WxhwBzWBYUV3DgUpurHTme8UTPcPlAD1DJ+b0nN/t50zDQ==}
    dependencies:
      boolbase: 1.0.0
      css-what: 5.1.0
      domhandler: 4.3.0
      domutils: 2.8.0
      nth-check: 2.0.1
    dev: false

  /css-what/5.1.0:
    resolution: {integrity: sha512-arSMRWIIFY0hV8pIxZMEfmMI47Wj3R/aWpZDDxWYCPEiOMv6tfOrnpDtgxBYPEQD4V0Y/958+1TdC3iWTFcUPw==}
    engines: {node: '>= 6'}
    dev: false

  /delayed-stream/1.0.0:
    resolution: {integrity: sha1-3zrhmayt+31ECqrgsp4icrJOxhk=}
    engines: {node: '>=0.4.0'}
    dev: false

  /discord-api-types/0.26.1:
    resolution: {integrity: sha512-T5PdMQ+Y1MEECYMV5wmyi9VEYPagEDEi4S0amgsszpWY0VB9JJ/hEvM6BgLhbdnKky4gfmZEXtEEtojN8ZKJQQ==}
    engines: {node: '>=12'}
    dev: false

  /discord.js/13.5.0:
    resolution: {integrity: sha512-K+ZcB0f+wA1ZzDhz3hlaAi4Ap7jSvVEUZ+U29T4DMoiNNUv22F4vu1byrOq8GyyLLDFiZ3iSudea0MvSHu3fQA==}
    engines: {node: '>=16.6.0', npm: '>=7.0.0'}
    dependencies:
      '@discordjs/builders': 0.11.0
      '@discordjs/collection': 0.4.0
      '@sapphire/async-queue': 1.1.9
      '@types/node-fetch': 2.5.12
      '@types/ws': 8.2.2
      discord-api-types: 0.26.1
      form-data: 4.0.0
      node-fetch: 2.6.6
      ws: 8.4.0
    transitivePeerDependencies:
      - bufferutil
      - utf-8-validate
    dev: false

  /dom-serializer/1.3.2:
    resolution: {integrity: sha512-5c54Bk5Dw4qAxNOI1pFEizPSjVsx5+bpJKmL2kPn8JhBUq2q09tTCa3mjijun2NfK78NMouDYNMBkOrPZiS+ig==}
    dependencies:
      domelementtype: 2.2.0
      domhandler: 4.3.0
      entities: 2.2.0
    dev: false

  /domelementtype/2.2.0:
    resolution: {integrity: sha512-DtBMo82pv1dFtUmHyr48beiuq792Sxohr+8Hm9zoxklYPfa6n0Z3Byjj2IV7bmr2IyqClnqEQhfgHJJ5QF0R5A==}
    dev: false

  /domhandler/4.3.0:
    resolution: {integrity: sha512-fC0aXNQXqKSFTr2wDNZDhsEYjCiYsDWl3D01kwt25hm1YIPyDGHvvi3rw+PLqHAl/m71MaiF7d5zvBr0p5UB2g==}
    engines: {node: '>= 4'}
    dependencies:
      domelementtype: 2.2.0
    dev: false

  /domino/2.1.6:
    resolution: {integrity: sha512-3VdM/SXBZX2omc9JF9nOPCtDaYQ67BGp5CoLpIQlO2KCAPETs8TcDHacF26jXadGbvUteZzRTeos2fhID5+ucQ==}
    dev: false

  /domutils/2.8.0:
    resolution: {integrity: sha512-w96Cjofp72M5IIhpjgobBimYEfoPjx1Vx0BSX9P30WBdZW2WIKU0T1Bd0kz2eNZ9ikjKgHbEyKx8BB6H1L3h3A==}
    dependencies:
      dom-serializer: 1.3.2
      domelementtype: 2.2.0
      domhandler: 4.3.0
    dev: false

  /entities/2.2.0:
    resolution: {integrity: sha512-p92if5Nz619I0w+akJrLZH0MX0Pb5DX39XOwQTtXSdQQOaYH03S1uIQp4mhOZtAXrxq4ViO67YTiLBo2638o9A==}
    dev: false

  /follow-redirects/1.14.6:
    resolution: {integrity: sha512-fhUl5EwSJbbl8AR+uYL2KQDxLkdSjZGR36xy46AO7cOMTrCMON6Sa28FmAnC2tRTDbd/Uuzz3aJBv7EBN7JH8A==}
    engines: {node: '>=4.0'}
    peerDependencies:
      debug: '*'
    peerDependenciesMeta:
      debug:
        optional: true
    dev: false

  /form-data/3.0.1:
    resolution: {integrity: sha512-RHkBKtLWUVwd7SqRIvCZMEvAMoGUp0XU+seQiZejj0COz3RI3hWP4sCv3gZWWLjJTd7rGwcsF5eKZGii0r/hbg==}
    engines: {node: '>= 6'}
    dependencies:
      asynckit: 0.4.0
      combined-stream: 1.0.8
      mime-types: 2.1.34
    dev: false

  /form-data/4.0.0:
    resolution: {integrity: sha512-ETEklSGi5t0QMZuiXoA/Q6vcnxcLQP5vdugSpuAyi6SVGi2clPPp+xgEhuMaHC+zGgn31Kd235W35f7Hykkaww==}
    engines: {node: '>= 6'}
    dependencies:
      asynckit: 0.4.0
      combined-stream: 1.0.8
      mime-types: 2.1.34
    dev: false

  /htmlparser2/6.1.0:
    resolution: {integrity: sha512-gyyPk6rgonLFEDGoeRgQNaEUvdJ4ktTmmUh/h2t7s+M8oPpIPxgNACWa+6ESR57kXstwqPiCut0V8NRpcwgU7A==}
    dependencies:
      domelementtype: 2.2.0
      domhandler: 4.3.0
      domutils: 2.8.0
      entities: 2.2.0
    dev: false

  /mime-db/1.51.0:
    resolution: {integrity: sha512-5y8A56jg7XVQx2mbv1lu49NR4dokRnhZYTtL+KGfaa27uq4pSTXkwQkFJl4pkRMyNFz/EtYDSkiiEHx3F7UN6g==}
    engines: {node: '>= 0.6'}
    dev: false

  /mime-types/2.1.34:
    resolution: {integrity: sha512-6cP692WwGIs9XXdOO4++N+7qjqv0rqxxVvJ3VHPh/Sc9mVZcQP+ZGhkKiTvWMQRr2tbHkJP/Yn7Y0npb3ZBs4A==}
    engines: {node: '>= 0.6'}
    dependencies:
      mime-db: 1.51.0
    dev: false

  /node-fetch/2.6.6:
    resolution: {integrity: sha512-Z8/6vRlTUChSdIgMa51jxQ4lrw/Jy5SOW10ObaA47/RElsAN2c5Pn8bTgFGWn/ibwzXTE8qwr1Yzx28vsecXEA==}
    engines: {node: 4.x || >=6.0.0}
    dependencies:
      whatwg-url: 5.0.0
    dev: false

  /nth-check/2.0.1:
    resolution: {integrity: sha512-it1vE95zF6dTT9lBsYbxvqh0Soy4SPowchj0UBGj/V6cTPnXXtQOPUbhZ6CmGzAD/rW22LQK6E96pcdJXk4A4w==}
    dependencies:
      boolbase: 1.0.0
    dev: false

  /parse5-htmlparser2-tree-adapter/6.0.1:
    resolution: {integrity: sha512-qPuWvbLgvDGilKc5BoicRovlT4MtYT6JfJyBOMDsKoiT+GiuP5qyrPCnR9HcPECIJJmZh5jRndyNThnhhb/vlA==}
    dependencies:
      parse5: 6.0.1
    dev: false

  /parse5/6.0.1:
    resolution: {integrity: sha512-Ofn/CTFzRGTTxwpNEs9PP93gXShHcTq255nzRYSKe8AkVpZY7e1fpmTfOyoIvjP5HG7Z2ZM7VS9PPhQGW2pOpw==}
    dev: false

  /tr46/0.0.3:
    resolution: {integrity: sha1-gYT9NH2snNwYWZLzpmIuFLnZq2o=}
    dev: false

  /ts-mixer/6.0.0:
    resolution: {integrity: sha512-nXIb1fvdY5CBSrDIblLn73NW0qRDk5yJ0Sk1qPBF560OdJfQp9jhl+0tzcY09OZ9U+6GpeoI9RjwoIKFIoB9MQ==}
    dev: false

  /tslib/2.3.1:
    resolution: {integrity: sha512-77EbyPPpMz+FRFRuAFlWMtmgUWGe9UOG2Z25NqCwiIjRhOf5iKGuzSe5P2w1laq+FkRy4p+PCuVkJSGkzTEKVw==}
    dev: false

  /turndown/7.1.1:
    resolution: {integrity: sha512-BEkXaWH7Wh7e9bd2QumhfAXk5g34+6QUmmWx+0q6ThaVOLuLUqsnkq35HQ5SBHSaxjSfSM7US5o4lhJNH7B9MA==}
    dependencies:
      domino: 2.1.6
    dev: false

  /typescript/4.5.4:
    resolution: {integrity: sha512-VgYs2A2QIRuGphtzFV7aQJduJ2gyfTljngLzjpfW9FoYZF6xuw1W0vW9ghCKLfcWrCFxK81CSGRAvS1pn4fIUg==}
    engines: {node: '>=4.2.0'}
    hasBin: true
    dev: true

  /webidl-conversions/3.0.1:
    resolution: {integrity: sha1-JFNCdeKnvGvnvIZhHMFq4KVlSHE=}
    dev: false

  /whatwg-url/5.0.0:
    resolution: {integrity: sha1-lmRU6HZUYuN2RNNib2dCzotwll0=}
    dependencies:
      tr46: 0.0.3
      webidl-conversions: 3.0.1
    dev: false

  /ws/8.4.0:
    resolution: {integrity: sha512-IHVsKe2pjajSUIl4KYMQOdlyliovpEPquKkqbwswulszzI7r0SfQrxnXdWAEqOlDCLrVSJzo+O1hAwdog2sKSQ==}
    engines: {node: '>=10.0.0'}
    peerDependencies:
      bufferutil: ^4.0.1
      utf-8-validate: ^5.0.2
    peerDependenciesMeta:
      bufferutil:
        optional: true
      utf-8-validate:
        optional: true
    dev: false

  /zod/3.11.6:
    resolution: {integrity: sha512-daZ80A81I3/9lIydI44motWe6n59kRBfNzTuS2bfzVh1nAXi667TOTWWtatxyG+fwgNUiagSj/CWZwRRbevJIg==}
    dev: false
